
Microsoft Visual Studio Solution File, Format Version 12.00
# Visual Studio Version 17
VisualStudioVersion = 17.11.35222.181
MinimumVisualStudioVersion = 10.0.40219.1
Project("{9A19103F-16F7-4668-BE54-9A1E7A4F7556}") = "ParcelDeliverySystem.App", "ParcelDeliverySystem\ParcelDeliverySystem.App.csproj", "{34224B0D-EB25-4212-9FBE-94641C8DDD90}"
EndProject
Project("{FAE04EC0-301F-11D3-BF4B-00C04F79EFBC}") = "ParcelDeliverySystem.Tests", "ParcelDeliverySystem.Tests\ParcelDeliverySystem.Tests.csproj", "{7389916E-1C4E-4A2F-B3C8-1C56FA1F1015}"
EndProject
Project("{FAE04EC0-301F-11D3-BF4B-00C04F79EFBC}") = "ParcelDeliverySystem.Core", "ParcelDeliverySystem.Core\ParcelDeliverySystem.Core.csproj", "{1D103B25-F6B1-40AD-A72E-4ABF5E87F6C6}"
EndProject
Project("{FAE04EC0-301F-11D3-BF4B-00C04F79EFBC}") = "ParcelDeliverySystem.Services", "ParcelDeliverySystem.Services\ParcelDeliverySystem.Services.csproj", "{84B7AB27-21A0-4D07-87D8-288FB1250702}"
EndProject
Global
	GlobalSection(SolutionConfigurationPlatforms) = preSolution
		Debug|Any CPU = Debug|Any CPU
		Release|Any CPU = Release|Any CPU
	EndGlobalSection
	GlobalSection(ProjectConfigurationPlatforms) = postSolution
		{34224B0D-EB25-4212-9FBE-94641C8DDD90}.Debug|Any CPU.ActiveCfg = Debug|Any CPU
		{34224B0D-EB25-4212-9FBE-94641C8DDD90}.Debug|Any CPU.Build.0 = Debug|Any CPU
		{34224B0D-EB25-4212-9FBE-94641C8DDD90}.Release|Any CPU.ActiveCfg = Release|Any CPU
		{34224B0D-EB25-4212-9FBE-94641C8DDD90}.Release|Any CPU.Build.0 = Release|Any CPU
		{7389916E-1C4E-4A2F-B3C8-1C56FA1F1015}.Debug|Any CPU.ActiveCfg = Debug|Any CPU
		{7389916E-1C4E-4A2F-B3C8-1C56FA1F1015}.Debug|Any CPU.Build.0 = Debug|Any CPU
		{7389916E-1C4E-4A2F-B3C8-1C56FA1F1015}.Release|Any CPU.ActiveCfg = Release|Any CPU
		{7389916E-1C4E-4A2F-B3C8-1C56FA1F1015}.Release|Any CPU.Build.0 = Release|Any CPU
		{1D103B25-F6B1-40AD-A72E-4ABF5E87F6C6}.Debug|Any CPU.ActiveCfg = Debug|Any CPU
		{1D103B25-F6B1-40AD-A72E-4ABF5E87F6C6}.Debug|Any CPU.Build.0 = Debug|Any CPU
		{1D103B25-F6B1-40AD-A72E-4ABF5E87F6C6}.Release|Any CPU.ActiveCfg = Release|Any CPU
		{1D103B25-F6B1-40AD-A72E-4ABF5E87F6C6}.Release|Any CPU.Build.0 = Release|Any CPU
		{84B7AB27-21A0-4D07-87D8-288FB1250702}.Debug|Any CPU.ActiveCfg = Debug|Any CPU
		{84B7AB27-21A0-4D07-87D8-288FB1250702}.Debug|Any CPU.Build.0 = Debug|Any CPU
		{84B7AB27-21A0-4D07-87D8-288FB1250702}.Release|Any CPU.ActiveCfg = Release|Any CPU
		{84B7AB27-21A0-4D07-87D8-288FB1250702}.Release|Any CPU.Build.0 = Release|Any CPU
	EndGlobalSection
	GlobalSection(SolutionProperties) = preSolution
		HideSolutionNode = FALSE
	EndGlobalSection
	GlobalSection(ExtensibilityGlobals) = postSolution
		SolutionGuid = {F3FBF4B9-072D-44B6-8587-B9E7FC0DAF1B}
	EndGlobalSection
EndGlobal
